
Microsoft Visual Studio Solution File, Format Version 12.00
# Visual Studio Version 16
VisualStudioVersion = 16.0.29001.49
MinimumVisualStudioVersion = 10.0.40219.1
Project("{9A19103F-16F7-4668-BE54-9A1E7A4F7556}") = "ThatConference.Fn", "ThatConference.Fn\ThatConference.Fn.csproj", "{4D65466B-D911-47DE-91D0-10C7C2571313}"
EndProject
Project("{2150E333-8FDC-42A3-9474-1A3956D46DE8}") = "Tests", "Tests", "{B4DCBD46-84DD-4E37-B4EF-DF00696FD09D}"
EndProject
Project("{FAE04EC0-301F-11D3-BF4B-00C04F79EFBC}") = "ThatConference.Fn.Tests", "ThatConference.Fn.Tests\ThatConference.Fn.Tests.csproj", "{15B1DE47-17C2-45ED-ACD4-4843D131E2F5}"
EndProject
Global
	GlobalSection(SolutionConfigurationPlatforms) = preSolution
		Debug|Any CPU = Debug|Any CPU
		Release|Any CPU = Release|Any CPU
	EndGlobalSection
	GlobalSection(ProjectConfigurationPlatforms) = postSolution
		{4D65466B-D911-47DE-91D0-10C7C2571313}.Debug|Any CPU.ActiveCfg = Debug|Any CPU
		{4D65466B-D911-47DE-91D0-10C7C2571313}.Debug|Any CPU.Build.0 = Debug|Any CPU
		{4D65466B-D911-47DE-91D0-10C7C2571313}.Release|Any CPU.ActiveCfg = Release|Any CPU
		{4D65466B-D911-47DE-91D0-10C7C2571313}.Release|Any CPU.Build.0 = Release|Any CPU
		{15B1DE47-17C2-45ED-ACD4-4843D131E2F5}.Debug|Any CPU.ActiveCfg = Debug|Any CPU
		{15B1DE47-17C2-45ED-ACD4-4843D131E2F5}.Debug|Any CPU.Build.0 = Debug|Any CPU
		{15B1DE47-17C2-45ED-ACD4-4843D131E2F5}.Release|Any CPU.ActiveCfg = Release|Any CPU
		{15B1DE47-17C2-45ED-ACD4-4843D131E2F5}.Release|Any CPU.Build.0 = Release|Any CPU
	EndGlobalSection
	GlobalSection(SolutionProperties) = preSolution
		HideSolutionNode = FALSE
	EndGlobalSection
	GlobalSection(NestedProjects) = preSolution
		{15B1DE47-17C2-45ED-ACD4-4843D131E2F5} = {B4DCBD46-84DD-4E37-B4EF-DF00696FD09D}
	EndGlobalSection
	GlobalSection(ExtensibilityGlobals) = postSolution
		SolutionGuid = {1DBCF997-E476-4B52-9DFB-B0A19ACEBF64}
	EndGlobalSection
EndGlobal
